{
  "name": "terraform",
  "version": "1.0.0",
  "lockfileVersion": 1,
  "requires": true,
  "dependencies": {
    "hesto2-terraform-modules": {
      "version": "0.0.24",
      "resolved": "https://registry.npmjs.org/hesto2-terraform-modules/-/hesto2-terraform-modules-0.0.24.tgz",
      "integrity": "sha512-wdJVh/tqpbezxUM/9ZHuVUFRenXBiJSlhnhEESpkRNbmYY5WT+EMjBDjTNJnqxNSCa/zg6NS0y7n259uMNVhXA=="
    }
  }
}
