# THIS IS AN AUTOGENERATED FILE. DO NOT EDIT THIS FILE DIRECTLY.
# yarn lockfile v1


hesto2-terraform-modules@^0.0.13:
  version "0.0.13"
  resolved "https://registry.yarnpkg.com/hesto2-terraform-modules/-/hesto2-terraform-modules-0.0.13.tgz#a6eeebd74fabac06db124f73d7e0a36895a636ba"
  integrity sha512-83h4GBdvjzJBQ2NdqdYlvc75yk5aQqs/XPmzMaZtEzgQONHKaCmhuwLKHzXoCVRbgVKtFYqd62ZOzn8m1f9p+g==
