# THIS IS AN AUTOGENERATED FILE. DO NOT EDIT THIS FILE DIRECTLY.
# yarn lockfile v1


hesto2-terraform-modules@^0.0.8:
  version "0.0.8"
  resolved "https://registry.yarnpkg.com/hesto2-terraform-modules/-/hesto2-terraform-modules-0.0.8.tgz#b982f0b6f1c3111f30381f34090c0110bfc4d417"
  integrity sha512-EYXt+LSSw1OEYYpJkIm56Gd7hSnbrdbbvxivd2DMhPpAcpwYRaReDNeC+A/s+JVC7lLKiuqCWj05rcaIbZkAcQ==
